
Microsoft Visual Studio Solution File, Format Version 12.00
# Visual Studio Version 16
VisualStudioVersion = 16.0.29926.136
MinimumVisualStudioVersion = 10.0.40219.1
Project("{FAE04EC0-301F-11D3-BF4B-00C04F79EFBC}") = "Garage1", "Garage1\Garage1.csproj", "{4E6327FC-0758-4F37-B722-D2EA66096DB0}"
EndProject
Global
	GlobalSection(SolutionConfigurationPlatforms) = preSolution
		Debug|Any CPU = Debug|Any CPU
		Release|Any CPU = Release|Any CPU
	EndGlobalSection
	GlobalSection(ProjectConfigurationPlatforms) = postSolution
		{4E6327FC-0758-4F37-B722-D2EA66096DB0}.Debug|Any CPU.ActiveCfg = Debug|Any CPU
		{4E6327FC-0758-4F37-B722-D2EA66096DB0}.Debug|Any CPU.Build.0 = Debug|Any CPU
		{4E6327FC-0758-4F37-B722-D2EA66096DB0}.Release|Any CPU.ActiveCfg = Release|Any CPU
		{4E6327FC-0758-4F37-B722-D2EA66096DB0}.Release|Any CPU.Build.0 = Release|Any CPU
	EndGlobalSection
	GlobalSection(SolutionProperties) = preSolution
		HideSolutionNode = FALSE
	EndGlobalSection
	GlobalSection(ExtensibilityGlobals) = postSolution
		SolutionGuid = {D2EDB1A9-95BC-4ED3-B9C1-79E1F72C5A48}
	EndGlobalSection
EndGlobal
